
Microsoft Visual Studio Solution File, Format Version 12.00
# Visual Studio 15
VisualStudioVersion = 15.0.28307.421
MinimumVisualStudioVersion = 10.0.40219.1
Project("{9A19103F-16F7-4668-BE54-9A1E7A4F7556}") = "CCEProxy.API", "src\CCEProxy.API\CCEProxy.API.csproj", "{80C498B5-3EFD-4ECF-BB60-FB326403D1E1}"
EndProject
Project("{9A19103F-16F7-4668-BE54-9A1E7A4F7556}") = "CCEProxyUnitTests", "src\UnitTests\CCEProxyUnitTests\CCEProxyUnitTests.csproj", "{4E590921-F138-45DA-B578-C92051A7DE79}"
EndProject
Global
	GlobalSection(SolutionConfigurationPlatforms) = preSolution
		Debug|Any CPU = Debug|Any CPU
		Release|Any CPU = Release|Any CPU
	EndGlobalSection
	GlobalSection(ProjectConfigurationPlatforms) = postSolution
		{80C498B5-3EFD-4ECF-BB60-FB326403D1E1}.Debug|Any CPU.ActiveCfg = Debug|Any CPU
		{80C498B5-3EFD-4ECF-BB60-FB326403D1E1}.Debug|Any CPU.Build.0 = Debug|Any CPU
		{80C498B5-3EFD-4ECF-BB60-FB326403D1E1}.Release|Any CPU.ActiveCfg = Release|Any CPU
		{80C498B5-3EFD-4ECF-BB60-FB326403D1E1}.Release|Any CPU.Build.0 = Release|Any CPU
		{4E590921-F138-45DA-B578-C92051A7DE79}.Debug|Any CPU.ActiveCfg = Debug|Any CPU
		{4E590921-F138-45DA-B578-C92051A7DE79}.Debug|Any CPU.Build.0 = Debug|Any CPU
		{4E590921-F138-45DA-B578-C92051A7DE79}.Release|Any CPU.ActiveCfg = Release|Any CPU
		{4E590921-F138-45DA-B578-C92051A7DE79}.Release|Any CPU.Build.0 = Release|Any CPU
	EndGlobalSection
	GlobalSection(SolutionProperties) = preSolution
		HideSolutionNode = FALSE
	EndGlobalSection
	GlobalSection(ExtensibilityGlobals) = postSolution
		SolutionGuid = {70D72B0F-E522-49FF-8FF3-E92F9A758220}
	EndGlobalSection
EndGlobal
