
Microsoft Visual Studio Solution File, Format Version 12.00
# Visual Studio 15
VisualStudioVersion = 15.0.28307.421
MinimumVisualStudioVersion = 10.0.40219.1
Project("{9A19103F-16F7-4668-BE54-9A1E7A4F7556}") = "DeviceCommunication.UnitTest", "src\UnitTest\DeviceCommunication.UnitTest\DeviceCommunication.UnitTest.csproj", "{61116C9F-44C9-41B2-809B-A852B99843ED}"
EndProject
Project("{9A19103F-16F7-4668-BE54-9A1E7A4F7556}") = "DeviceCommunication.API", "src\DeviceCommunication\DeviceCommunication.API.csproj", "{67C4FAD0-C598-4E96-B889-3F6A20EC37CC}"
EndProject
Global
	GlobalSection(SolutionConfigurationPlatforms) = preSolution
		Debug|Any CPU = Debug|Any CPU
		Release|Any CPU = Release|Any CPU
	EndGlobalSection
	GlobalSection(ProjectConfigurationPlatforms) = postSolution
		{61116C9F-44C9-41B2-809B-A852B99843ED}.Debug|Any CPU.ActiveCfg = Debug|Any CPU
		{61116C9F-44C9-41B2-809B-A852B99843ED}.Debug|Any CPU.Build.0 = Debug|Any CPU
		{61116C9F-44C9-41B2-809B-A852B99843ED}.Release|Any CPU.ActiveCfg = Release|Any CPU
		{61116C9F-44C9-41B2-809B-A852B99843ED}.Release|Any CPU.Build.0 = Release|Any CPU
		{67C4FAD0-C598-4E96-B889-3F6A20EC37CC}.Debug|Any CPU.ActiveCfg = Debug|Any CPU
		{67C4FAD0-C598-4E96-B889-3F6A20EC37CC}.Debug|Any CPU.Build.0 = Debug|Any CPU
		{67C4FAD0-C598-4E96-B889-3F6A20EC37CC}.Release|Any CPU.ActiveCfg = Release|Any CPU
		{67C4FAD0-C598-4E96-B889-3F6A20EC37CC}.Release|Any CPU.Build.0 = Release|Any CPU
	EndGlobalSection
	GlobalSection(SolutionProperties) = preSolution
		HideSolutionNode = FALSE
	EndGlobalSection
	GlobalSection(ExtensibilityGlobals) = postSolution
		SolutionGuid = {E8C01B3E-534C-431F-A33C-6F36AE4DE0A0}
	EndGlobalSection
EndGlobal
