
Microsoft Visual Studio Solution File, Format Version 12.00
# Visual Studio 15
VisualStudioVersion = 15.0.28307.421
MinimumVisualStudioVersion = 10.0.40219.1
Project("{9A19103F-16F7-4668-BE54-9A1E7A4F7556}") = "SiteConfiguration.API", "src\SiteConfiguration.API\SiteConfiguration.API.csproj", "{5A8A12CB-4C1F-4EA0-8EBD-A18FE5DA35D8}"
EndProject
Project("{9A19103F-16F7-4668-BE54-9A1E7A4F7556}") = "Test", "Test\Test.csproj", "{7224C484-3E24-4F06-A749-195C1E478210}"
EndProject
Global
	GlobalSection(SolutionConfigurationPlatforms) = preSolution
		Debug|Any CPU = Debug|Any CPU
		Release|Any CPU = Release|Any CPU
	EndGlobalSection
	GlobalSection(ProjectConfigurationPlatforms) = postSolution
		{5A8A12CB-4C1F-4EA0-8EBD-A18FE5DA35D8}.Debug|Any CPU.ActiveCfg = Debug|Any CPU
		{5A8A12CB-4C1F-4EA0-8EBD-A18FE5DA35D8}.Debug|Any CPU.Build.0 = Debug|Any CPU
		{5A8A12CB-4C1F-4EA0-8EBD-A18FE5DA35D8}.Release|Any CPU.ActiveCfg = Release|Any CPU
		{5A8A12CB-4C1F-4EA0-8EBD-A18FE5DA35D8}.Release|Any CPU.Build.0 = Release|Any CPU
		{7224C484-3E24-4F06-A749-195C1E478210}.Debug|Any CPU.ActiveCfg = Debug|Any CPU
		{7224C484-3E24-4F06-A749-195C1E478210}.Debug|Any CPU.Build.0 = Debug|Any CPU
		{7224C484-3E24-4F06-A749-195C1E478210}.Release|Any CPU.ActiveCfg = Release|Any CPU
		{7224C484-3E24-4F06-A749-195C1E478210}.Release|Any CPU.Build.0 = Release|Any CPU
	EndGlobalSection
	GlobalSection(SolutionProperties) = preSolution
		HideSolutionNode = FALSE
	EndGlobalSection
	GlobalSection(ExtensibilityGlobals) = postSolution
		SolutionGuid = {E1367551-BB3E-403D-B549-B1CF0B4A1ABB}
	EndGlobalSection
EndGlobal
