
Microsoft Visual Studio Solution File, Format Version 12.00
# Visual Studio 15
VisualStudioVersion = 15.0.28307.421
MinimumVisualStudioVersion = 10.0.40219.1
Project("{2150E333-8FDC-42A3-9474-1A3956D46DE8}") = "src", "src", "{83056A08-721E-4D78-A7AC-E24216A11178}"
EndProject
Project("{2150E333-8FDC-42A3-9474-1A3956D46DE8}") = "test", "test", "{00E97AC3-0544-42F5-AC14-95219D8541D1}"
EndProject
Project("{2150E333-8FDC-42A3-9474-1A3956D46DE8}") = "Extension", "Extension", "{6B7FA644-5E8E-435C-B75A-D7DD9F34D231}"
EndProject
Project("{2150E333-8FDC-42A3-9474-1A3956D46DE8}") = "Core", "Core", "{05BD7CB9-22B2-486C-A590-519160CD8F57}"
EndProject
Project("{2150E333-8FDC-42A3-9474-1A3956D46DE8}") = "Security", "Security", "{7E035A72-6E21-4457-9F87-ED9D1FFC3D84}"
EndProject
Project("{2150E333-8FDC-42A3-9474-1A3956D46DE8}") = "ResiliencePolicy", "ResiliencePolicy", "{DB4DBBF3-31D6-4146-8CFB-EDBDFC828E63}"
EndProject
Project("{2150E333-8FDC-42A3-9474-1A3956D46DE8}") = "ExceptionHandling", "ExceptionHandling", "{398BF150-C54A-44B8-ADB9-FB979C9AFDC9}"
EndProject
Project("{2150E333-8FDC-42A3-9474-1A3956D46DE8}") = "Logging", "Logging", "{15D3A145-01E4-4C97-8722-A70BF42E386D}"
EndProject
Project("{2150E333-8FDC-42A3-9474-1A3956D46DE8}") = "CoreTest", "CoreTest", "{40B48B5D-FCA5-4CE3-A03D-511292D34FAE}"
EndProject
Project("{9A19103F-16F7-4668-BE54-9A1E7A4F7556}") = "BD.Core.Tests", "test\BD.Core.Tests\BD.Core.Tests.csproj", "{11B54CB8-44DC-43C6-BBE5-ECAAE6D619ED}"
EndProject
Project("{2150E333-8FDC-42A3-9474-1A3956D46DE8}") = "ExtensionTest", "ExtensionTest", "{77E09676-1C99-4D7C-9B70-EE28247373BF}"
EndProject
Project("{9A19103F-16F7-4668-BE54-9A1E7A4F7556}") = "BD.Core.Extensions.Tests", "test\BD.Core.Extensions.Tests\BD.Core.Extensions.Tests.csproj", "{05FFC1E1-3F9E-4EE8-A4BB-784AD01B033D}"
EndProject
Project("{2150E333-8FDC-42A3-9474-1A3956D46DE8}") = "SecurityTest", "SecurityTest", "{26398E68-629D-4C6C-A849-61D5989B30F0}"
EndProject
Project("{9A19103F-16F7-4668-BE54-9A1E7A4F7556}") = "BD.Core.Security.Tests", "test\BD.Core.Security.Tests\BD.Core.Security.Tests.csproj", "{944828A4-9C24-433B-97CF-E5788C67AAA7}"
EndProject
Project("{2150E333-8FDC-42A3-9474-1A3956D46DE8}") = "EventBus", "EventBus", "{A02773D6-4A9A-4830-B3CF-563AFF2916FD}"
EndProject
Project("{9A19103F-16F7-4668-BE54-9A1E7A4F7556}") = "BD.Core", "src\Core\BD.Core.csproj", "{6F3A26B2-2A69-45F2-8B5D-86A833293767}"
EndProject
Project("{9A19103F-16F7-4668-BE54-9A1E7A4F7556}") = "BD.Core.EventBus", "src\EventBus\BD.Core.EventBus.csproj", "{9B90DCAA-C673-49EB-AC90-12F20248F321}"
EndProject
Project("{9A19103F-16F7-4668-BE54-9A1E7A4F7556}") = "BD.Core.EventBusKafka", "src\EventBusKafka\BD.Core.EventBusKafka.csproj", "{AECA0CE6-ADA9-4A83-965D-E9623EA9ED1A}"
EndProject
Project("{9A19103F-16F7-4668-BE54-9A1E7A4F7556}") = "BD.Core.Extension", "src\Extension\BD.Core.Extension.csproj", "{A0B498BD-2835-41F5-8A32-8CA10C09E74A}"
EndProject
Project("{9A19103F-16F7-4668-BE54-9A1E7A4F7556}") = "BD.Core.Security", "src\Security\BD.Core.Security.csproj", "{90AC2399-014F-41CD-BDF5-706C4102946E}"
EndProject
Project("{9A19103F-16F7-4668-BE54-9A1E7A4F7556}") = "BD.Core.ResiliencePolicy", "src\ResiliencePolicy\BD.Core.ResiliencePolicy.csproj", "{C619B383-85B2-4C7E-ACE5-3FB7F1647F9F}"
EndProject
Project("{9A19103F-16F7-4668-BE54-9A1E7A4F7556}") = "BD.Core.Logging", "src\Logging\BD.Core.Logging.csproj", "{95A8BE97-29EB-4DAA-9884-DFADA05A78CE}"
EndProject
Project("{9A19103F-16F7-4668-BE54-9A1E7A4F7556}") = "BD.Core.ExceptionHandling", "src\ExceptionHandling\BD.Core.ExceptionHandling.csproj", "{20B27101-5567-4688-B671-774C0D1D89AC}"
EndProject
Project("{2150E333-8FDC-42A3-9474-1A3956D46DE8}") = "Filter", "Filter", "{BEB37E8A-9398-43E5-8225-2C45AB3FEA5A}"
EndProject
Project("{9A19103F-16F7-4668-BE54-9A1E7A4F7556}") = "HateoasFilter", "src\Filter\HateoasFilter\HateoasFilter.csproj", "{7BA56D0E-8138-4B2C-B1D4-9ED973104E5A}"
EndProject
Project("{2150E333-8FDC-42A3-9474-1A3956D46DE8}") = "Caching", "Caching", "{B0B1FCA3-13AD-4B41-AC28-73A0B45BF400}"
EndProject
Project("{9A19103F-16F7-4668-BE54-9A1E7A4F7556}") = "BD.Core.Caching", "src\Caching\BD.Core.Caching.csproj", "{AF5FF2CC-2F46-4EFE-BCA5-21982A9A3D19}"
EndProject
Project("{2150E333-8FDC-42A3-9474-1A3956D46DE8}") = "ElasticClient", "ElasticClient", "{A8CC8CAB-1930-41D2-905D-5B545943B997}"
EndProject
Project("{2150E333-8FDC-42A3-9474-1A3956D46DE8}") = "Mongo", "Mongo", "{7E47DC9D-5A38-4183-8B76-2BA11F445CA2}"
EndProject
Project("{2150E333-8FDC-42A3-9474-1A3956D46DE8}") = "SQL", "SQL", "{7F846994-B276-4341-9FC2-6AE395B3C8FD}"
EndProject
Project("{9A19103F-16F7-4668-BE54-9A1E7A4F7556}") = "BD.Core.ElasticClient.SQL", "src\ElasticClient\SQL\BD.Core.ElasticClient.SQL.csproj", "{F2CC5C45-8B03-4AAD-834C-D7E8F5E4AC46}"
EndProject
Project("{2150E333-8FDC-42A3-9474-1A3956D46DE8}") = "ExcecutionContext", "ExcecutionContext", "{3003D06C-7351-43A5-A3C0-A6453D73249C}"
EndProject
Project("{9A19103F-16F7-4668-BE54-9A1E7A4F7556}") = "DemoUsageApp", "src\DemoUsageApp\DemoUsageApp.csproj", "{B0C9B60C-9578-41E6-AEE6-F12C7DD708E0}"
EndProject
Project("{2150E333-8FDC-42A3-9474-1A3956D46DE8}") = "TenantManagement", "TenantManagement", "{DD4FAD52-FCC3-4113-A9AA-0764BB3248D7}"
EndProject
Project("{9A19103F-16F7-4668-BE54-9A1E7A4F7556}") = "BD.Core.TenantManagement", "src\TenantManagement\BD.Core.TenantManagement.csproj", "{01C7FCDD-E5DB-4DCD-A2B9-8F4F7AFEA505}"
EndProject
Project("{2150E333-8FDC-42A3-9474-1A3956D46DE8}") = "Extensions", "Extensions", "{8E86325F-0DA6-4F6E-B6E3-6BE750589218}"
EndProject
Project("{2150E333-8FDC-42A3-9474-1A3956D46DE8}") = "Context", "Context", "{5A904532-23A6-424A-8DAF-6C4E7EE28609}"
EndProject
Project("{9A19103F-16F7-4668-BE54-9A1E7A4F7556}") = "BD.Core.Context", "src\ExecutionContext\Context\BD.Core.Context.csproj", "{7A12A3A3-54B2-42F7-8B6C-F634157590EB}"
EndProject
Project("{9A19103F-16F7-4668-BE54-9A1E7A4F7556}") = "BD.Core.Context.Http", "src\ExecutionContext\Http\BD.Core.Context.Http.csproj", "{314B690A-D2C2-49D5-8776-8EB7E8C5B208}"
EndProject
Project("{2150E333-8FDC-42A3-9474-1A3956D46DE8}") = "Http", "Http", "{1164A734-453E-41F0-9B2A-4D098D773E9A}"
EndProject
Project("{2150E333-8FDC-42A3-9474-1A3956D46DE8}") = "EventBus", "EventBus", "{3B49F68C-AE0A-4F2C-B942-BCBFCAA2874D}"
EndProject
Project("{9A19103F-16F7-4668-BE54-9A1E7A4F7556}") = "BD.Core.EventBus.Tests", "test\BD.Core.EventBus.Tests\BD.Core.EventBus.Tests.csproj", "{7C5E4526-86A6-42AC-B92F-05601BCC0146}"
EndProject
Project("{9A19103F-16F7-4668-BE54-9A1E7A4F7556}") = "BD.Core.ElasticClient.Mongo.Tests", "test\BD.Core.ElasticClient.Mongo.Tests\BD.Core.ElasticClient.Mongo.Tests.csproj", "{F43C7A0A-B27C-43F5-AB41-3B827F4C2E17}"
EndProject
Project("{2150E333-8FDC-42A3-9474-1A3956D46DE8}") = "ElasticClientMongoTest", "ElasticClientMongoTest", "{6AD4AB80-4F47-4039-9F11-AE6C71FB4512}"
EndProject
Project("{9A19103F-16F7-4668-BE54-9A1E7A4F7556}") = "BD.Core.ElasticClient.Mongo", "src\ElasticClient\Mongo\BD.Core.ElasticClient.Mongo.csproj", "{4EB0C955-FCC8-436C-AC03-513072A0E2E7}"
EndProject
Project("{2150E333-8FDC-42A3-9474-1A3956D46DE8}") = "SQL", "SQL", "{8B965BA2-9580-47F6-B822-B9D57F8D9ADF}"
EndProject
Project("{9A19103F-16F7-4668-BE54-9A1E7A4F7556}") = "BD.Core.ElasticClient.Extensions.SQL", "src\ElasticClient\Extensions\SQL\BD.Core.ElasticClient.Extensions.SQL.csproj", "{583D2CFF-EAC1-4B9A-A6AA-BA943653B236}"
EndProject
Project("{2150E333-8FDC-42A3-9474-1A3956D46DE8}") = "Mongo", "Mongo", "{807D73D5-974D-4C72-A3AE-8786E90710BA}"
EndProject
Project("{9A19103F-16F7-4668-BE54-9A1E7A4F7556}") = "BD.Core.ElasticClient.Extensions.Mongo", "src\ElasticClient\Extensions\Mongo\BD.Core.ElasticClient.Extensions.Mongo.csproj", "{7F41A707-BF12-4A30-954A-E11536031860}"
EndProject
Global
	GlobalSection(SolutionConfigurationPlatforms) = preSolution
		Debug|Any CPU = Debug|Any CPU
		Release|Any CPU = Release|Any CPU
	EndGlobalSection
	GlobalSection(ProjectConfigurationPlatforms) = postSolution
		{11B54CB8-44DC-43C6-BBE5-ECAAE6D619ED}.Debug|Any CPU.ActiveCfg = Debug|Any CPU
		{11B54CB8-44DC-43C6-BBE5-ECAAE6D619ED}.Debug|Any CPU.Build.0 = Debug|Any CPU
		{11B54CB8-44DC-43C6-BBE5-ECAAE6D619ED}.Release|Any CPU.ActiveCfg = Release|Any CPU
		{11B54CB8-44DC-43C6-BBE5-ECAAE6D619ED}.Release|Any CPU.Build.0 = Release|Any CPU
		{05FFC1E1-3F9E-4EE8-A4BB-784AD01B033D}.Debug|Any CPU.ActiveCfg = Debug|Any CPU
		{05FFC1E1-3F9E-4EE8-A4BB-784AD01B033D}.Debug|Any CPU.Build.0 = Debug|Any CPU
		{05FFC1E1-3F9E-4EE8-A4BB-784AD01B033D}.Release|Any CPU.ActiveCfg = Release|Any CPU
		{05FFC1E1-3F9E-4EE8-A4BB-784AD01B033D}.Release|Any CPU.Build.0 = Release|Any CPU
		{944828A4-9C24-433B-97CF-E5788C67AAA7}.Debug|Any CPU.ActiveCfg = Debug|Any CPU
		{944828A4-9C24-433B-97CF-E5788C67AAA7}.Debug|Any CPU.Build.0 = Debug|Any CPU
		{944828A4-9C24-433B-97CF-E5788C67AAA7}.Release|Any CPU.ActiveCfg = Release|Any CPU
		{944828A4-9C24-433B-97CF-E5788C67AAA7}.Release|Any CPU.Build.0 = Release|Any CPU
		{6F3A26B2-2A69-45F2-8B5D-86A833293767}.Debug|Any CPU.ActiveCfg = Debug|Any CPU
		{6F3A26B2-2A69-45F2-8B5D-86A833293767}.Debug|Any CPU.Build.0 = Debug|Any CPU
		{6F3A26B2-2A69-45F2-8B5D-86A833293767}.Release|Any CPU.ActiveCfg = Release|Any CPU
		{6F3A26B2-2A69-45F2-8B5D-86A833293767}.Release|Any CPU.Build.0 = Release|Any CPU
		{9B90DCAA-C673-49EB-AC90-12F20248F321}.Debug|Any CPU.ActiveCfg = Debug|Any CPU
		{9B90DCAA-C673-49EB-AC90-12F20248F321}.Debug|Any CPU.Build.0 = Debug|Any CPU
		{9B90DCAA-C673-49EB-AC90-12F20248F321}.Release|Any CPU.ActiveCfg = Release|Any CPU
		{9B90DCAA-C673-49EB-AC90-12F20248F321}.Release|Any CPU.Build.0 = Release|Any CPU
		{AECA0CE6-ADA9-4A83-965D-E9623EA9ED1A}.Debug|Any CPU.ActiveCfg = Debug|Any CPU
		{AECA0CE6-ADA9-4A83-965D-E9623EA9ED1A}.Debug|Any CPU.Build.0 = Debug|Any CPU
		{AECA0CE6-ADA9-4A83-965D-E9623EA9ED1A}.Release|Any CPU.ActiveCfg = Release|Any CPU
		{AECA0CE6-ADA9-4A83-965D-E9623EA9ED1A}.Release|Any CPU.Build.0 = Release|Any CPU
		{A0B498BD-2835-41F5-8A32-8CA10C09E74A}.Debug|Any CPU.ActiveCfg = Debug|Any CPU
		{A0B498BD-2835-41F5-8A32-8CA10C09E74A}.Debug|Any CPU.Build.0 = Debug|Any CPU
		{A0B498BD-2835-41F5-8A32-8CA10C09E74A}.Release|Any CPU.ActiveCfg = Release|Any CPU
		{A0B498BD-2835-41F5-8A32-8CA10C09E74A}.Release|Any CPU.Build.0 = Release|Any CPU
		{90AC2399-014F-41CD-BDF5-706C4102946E}.Debug|Any CPU.ActiveCfg = Debug|Any CPU
		{90AC2399-014F-41CD-BDF5-706C4102946E}.Debug|Any CPU.Build.0 = Debug|Any CPU
		{90AC2399-014F-41CD-BDF5-706C4102946E}.Release|Any CPU.ActiveCfg = Release|Any CPU
		{90AC2399-014F-41CD-BDF5-706C4102946E}.Release|Any CPU.Build.0 = Release|Any CPU
		{C619B383-85B2-4C7E-ACE5-3FB7F1647F9F}.Debug|Any CPU.ActiveCfg = Debug|Any CPU
		{C619B383-85B2-4C7E-ACE5-3FB7F1647F9F}.Debug|Any CPU.Build.0 = Debug|Any CPU
		{C619B383-85B2-4C7E-ACE5-3FB7F1647F9F}.Release|Any CPU.ActiveCfg = Release|Any CPU
		{C619B383-85B2-4C7E-ACE5-3FB7F1647F9F}.Release|Any CPU.Build.0 = Release|Any CPU
		{95A8BE97-29EB-4DAA-9884-DFADA05A78CE}.Debug|Any CPU.ActiveCfg = Debug|Any CPU
		{95A8BE97-29EB-4DAA-9884-DFADA05A78CE}.Debug|Any CPU.Build.0 = Debug|Any CPU
		{95A8BE97-29EB-4DAA-9884-DFADA05A78CE}.Release|Any CPU.ActiveCfg = Release|Any CPU
		{95A8BE97-29EB-4DAA-9884-DFADA05A78CE}.Release|Any CPU.Build.0 = Release|Any CPU
		{20B27101-5567-4688-B671-774C0D1D89AC}.Debug|Any CPU.ActiveCfg = Debug|Any CPU
		{20B27101-5567-4688-B671-774C0D1D89AC}.Debug|Any CPU.Build.0 = Debug|Any CPU
		{20B27101-5567-4688-B671-774C0D1D89AC}.Release|Any CPU.ActiveCfg = Release|Any CPU
		{20B27101-5567-4688-B671-774C0D1D89AC}.Release|Any CPU.Build.0 = Release|Any CPU
		{7BA56D0E-8138-4B2C-B1D4-9ED973104E5A}.Debug|Any CPU.ActiveCfg = Debug|Any CPU
		{7BA56D0E-8138-4B2C-B1D4-9ED973104E5A}.Debug|Any CPU.Build.0 = Debug|Any CPU
		{7BA56D0E-8138-4B2C-B1D4-9ED973104E5A}.Release|Any CPU.ActiveCfg = Release|Any CPU
		{7BA56D0E-8138-4B2C-B1D4-9ED973104E5A}.Release|Any CPU.Build.0 = Release|Any CPU
		{AF5FF2CC-2F46-4EFE-BCA5-21982A9A3D19}.Debug|Any CPU.ActiveCfg = Debug|Any CPU
		{AF5FF2CC-2F46-4EFE-BCA5-21982A9A3D19}.Debug|Any CPU.Build.0 = Debug|Any CPU
		{AF5FF2CC-2F46-4EFE-BCA5-21982A9A3D19}.Release|Any CPU.ActiveCfg = Release|Any CPU
		{AF5FF2CC-2F46-4EFE-BCA5-21982A9A3D19}.Release|Any CPU.Build.0 = Release|Any CPU
		{F2CC5C45-8B03-4AAD-834C-D7E8F5E4AC46}.Debug|Any CPU.ActiveCfg = Debug|Any CPU
		{F2CC5C45-8B03-4AAD-834C-D7E8F5E4AC46}.Debug|Any CPU.Build.0 = Debug|Any CPU
		{F2CC5C45-8B03-4AAD-834C-D7E8F5E4AC46}.Release|Any CPU.ActiveCfg = Release|Any CPU
		{F2CC5C45-8B03-4AAD-834C-D7E8F5E4AC46}.Release|Any CPU.Build.0 = Release|Any CPU
		{B0C9B60C-9578-41E6-AEE6-F12C7DD708E0}.Debug|Any CPU.ActiveCfg = Debug|Any CPU
		{B0C9B60C-9578-41E6-AEE6-F12C7DD708E0}.Debug|Any CPU.Build.0 = Debug|Any CPU
		{B0C9B60C-9578-41E6-AEE6-F12C7DD708E0}.Release|Any CPU.ActiveCfg = Release|Any CPU
		{B0C9B60C-9578-41E6-AEE6-F12C7DD708E0}.Release|Any CPU.Build.0 = Release|Any CPU
		{01C7FCDD-E5DB-4DCD-A2B9-8F4F7AFEA505}.Debug|Any CPU.ActiveCfg = Debug|Any CPU
		{01C7FCDD-E5DB-4DCD-A2B9-8F4F7AFEA505}.Debug|Any CPU.Build.0 = Debug|Any CPU
		{01C7FCDD-E5DB-4DCD-A2B9-8F4F7AFEA505}.Release|Any CPU.ActiveCfg = Release|Any CPU
		{01C7FCDD-E5DB-4DCD-A2B9-8F4F7AFEA505}.Release|Any CPU.Build.0 = Release|Any CPU
		{7A12A3A3-54B2-42F7-8B6C-F634157590EB}.Debug|Any CPU.ActiveCfg = Debug|Any CPU
		{7A12A3A3-54B2-42F7-8B6C-F634157590EB}.Debug|Any CPU.Build.0 = Debug|Any CPU
		{7A12A3A3-54B2-42F7-8B6C-F634157590EB}.Release|Any CPU.ActiveCfg = Release|Any CPU
		{7A12A3A3-54B2-42F7-8B6C-F634157590EB}.Release|Any CPU.Build.0 = Release|Any CPU
		{314B690A-D2C2-49D5-8776-8EB7E8C5B208}.Debug|Any CPU.ActiveCfg = Debug|Any CPU
		{314B690A-D2C2-49D5-8776-8EB7E8C5B208}.Debug|Any CPU.Build.0 = Debug|Any CPU
		{314B690A-D2C2-49D5-8776-8EB7E8C5B208}.Release|Any CPU.ActiveCfg = Release|Any CPU
		{314B690A-D2C2-49D5-8776-8EB7E8C5B208}.Release|Any CPU.Build.0 = Release|Any CPU
		{7C5E4526-86A6-42AC-B92F-05601BCC0146}.Debug|Any CPU.ActiveCfg = Debug|Any CPU
		{7C5E4526-86A6-42AC-B92F-05601BCC0146}.Debug|Any CPU.Build.0 = Debug|Any CPU
		{7C5E4526-86A6-42AC-B92F-05601BCC0146}.Release|Any CPU.ActiveCfg = Release|Any CPU
		{7C5E4526-86A6-42AC-B92F-05601BCC0146}.Release|Any CPU.Build.0 = Release|Any CPU
		{F43C7A0A-B27C-43F5-AB41-3B827F4C2E17}.Debug|Any CPU.ActiveCfg = Debug|Any CPU
		{F43C7A0A-B27C-43F5-AB41-3B827F4C2E17}.Debug|Any CPU.Build.0 = Debug|Any CPU
		{F43C7A0A-B27C-43F5-AB41-3B827F4C2E17}.Release|Any CPU.ActiveCfg = Release|Any CPU
		{F43C7A0A-B27C-43F5-AB41-3B827F4C2E17}.Release|Any CPU.Build.0 = Release|Any CPU
		{4EB0C955-FCC8-436C-AC03-513072A0E2E7}.Debug|Any CPU.ActiveCfg = Debug|Any CPU
		{4EB0C955-FCC8-436C-AC03-513072A0E2E7}.Debug|Any CPU.Build.0 = Debug|Any CPU
		{4EB0C955-FCC8-436C-AC03-513072A0E2E7}.Release|Any CPU.ActiveCfg = Release|Any CPU
		{4EB0C955-FCC8-436C-AC03-513072A0E2E7}.Release|Any CPU.Build.0 = Release|Any CPU
		{583D2CFF-EAC1-4B9A-A6AA-BA943653B236}.Debug|Any CPU.ActiveCfg = Debug|Any CPU
		{583D2CFF-EAC1-4B9A-A6AA-BA943653B236}.Debug|Any CPU.Build.0 = Debug|Any CPU
		{583D2CFF-EAC1-4B9A-A6AA-BA943653B236}.Release|Any CPU.ActiveCfg = Release|Any CPU
		{583D2CFF-EAC1-4B9A-A6AA-BA943653B236}.Release|Any CPU.Build.0 = Release|Any CPU
		{7F41A707-BF12-4A30-954A-E11536031860}.Debug|Any CPU.ActiveCfg = Debug|Any CPU
		{7F41A707-BF12-4A30-954A-E11536031860}.Debug|Any CPU.Build.0 = Debug|Any CPU
		{7F41A707-BF12-4A30-954A-E11536031860}.Release|Any CPU.ActiveCfg = Release|Any CPU
		{7F41A707-BF12-4A30-954A-E11536031860}.Release|Any CPU.Build.0 = Release|Any CPU
	EndGlobalSection
	GlobalSection(SolutionProperties) = preSolution
		HideSolutionNode = FALSE
	EndGlobalSection
	GlobalSection(NestedProjects) = preSolution
		{6B7FA644-5E8E-435C-B75A-D7DD9F34D231} = {83056A08-721E-4D78-A7AC-E24216A11178}
		{05BD7CB9-22B2-486C-A590-519160CD8F57} = {83056A08-721E-4D78-A7AC-E24216A11178}
		{7E035A72-6E21-4457-9F87-ED9D1FFC3D84} = {83056A08-721E-4D78-A7AC-E24216A11178}
		{DB4DBBF3-31D6-4146-8CFB-EDBDFC828E63} = {83056A08-721E-4D78-A7AC-E24216A11178}
		{398BF150-C54A-44B8-ADB9-FB979C9AFDC9} = {83056A08-721E-4D78-A7AC-E24216A11178}
		{15D3A145-01E4-4C97-8722-A70BF42E386D} = {83056A08-721E-4D78-A7AC-E24216A11178}
		{40B48B5D-FCA5-4CE3-A03D-511292D34FAE} = {00E97AC3-0544-42F5-AC14-95219D8541D1}
		{11B54CB8-44DC-43C6-BBE5-ECAAE6D619ED} = {40B48B5D-FCA5-4CE3-A03D-511292D34FAE}
		{77E09676-1C99-4D7C-9B70-EE28247373BF} = {00E97AC3-0544-42F5-AC14-95219D8541D1}
		{05FFC1E1-3F9E-4EE8-A4BB-784AD01B033D} = {77E09676-1C99-4D7C-9B70-EE28247373BF}
		{26398E68-629D-4C6C-A849-61D5989B30F0} = {00E97AC3-0544-42F5-AC14-95219D8541D1}
		{944828A4-9C24-433B-97CF-E5788C67AAA7} = {26398E68-629D-4C6C-A849-61D5989B30F0}
		{A02773D6-4A9A-4830-B3CF-563AFF2916FD} = {83056A08-721E-4D78-A7AC-E24216A11178}
		{6F3A26B2-2A69-45F2-8B5D-86A833293767} = {05BD7CB9-22B2-486C-A590-519160CD8F57}
		{9B90DCAA-C673-49EB-AC90-12F20248F321} = {A02773D6-4A9A-4830-B3CF-563AFF2916FD}
		{AECA0CE6-ADA9-4A83-965D-E9623EA9ED1A} = {A02773D6-4A9A-4830-B3CF-563AFF2916FD}
		{A0B498BD-2835-41F5-8A32-8CA10C09E74A} = {6B7FA644-5E8E-435C-B75A-D7DD9F34D231}
		{90AC2399-014F-41CD-BDF5-706C4102946E} = {7E035A72-6E21-4457-9F87-ED9D1FFC3D84}
		{C619B383-85B2-4C7E-ACE5-3FB7F1647F9F} = {DB4DBBF3-31D6-4146-8CFB-EDBDFC828E63}
		{95A8BE97-29EB-4DAA-9884-DFADA05A78CE} = {15D3A145-01E4-4C97-8722-A70BF42E386D}
		{20B27101-5567-4688-B671-774C0D1D89AC} = {398BF150-C54A-44B8-ADB9-FB979C9AFDC9}
		{BEB37E8A-9398-43E5-8225-2C45AB3FEA5A} = {83056A08-721E-4D78-A7AC-E24216A11178}
		{7BA56D0E-8138-4B2C-B1D4-9ED973104E5A} = {BEB37E8A-9398-43E5-8225-2C45AB3FEA5A}
		{B0B1FCA3-13AD-4B41-AC28-73A0B45BF400} = {83056A08-721E-4D78-A7AC-E24216A11178}
		{AF5FF2CC-2F46-4EFE-BCA5-21982A9A3D19} = {B0B1FCA3-13AD-4B41-AC28-73A0B45BF400}
		{A8CC8CAB-1930-41D2-905D-5B545943B997} = {83056A08-721E-4D78-A7AC-E24216A11178}
		{7E47DC9D-5A38-4183-8B76-2BA11F445CA2} = {A8CC8CAB-1930-41D2-905D-5B545943B997}
		{7F846994-B276-4341-9FC2-6AE395B3C8FD} = {A8CC8CAB-1930-41D2-905D-5B545943B997}
		{F2CC5C45-8B03-4AAD-834C-D7E8F5E4AC46} = {7F846994-B276-4341-9FC2-6AE395B3C8FD}
		{3003D06C-7351-43A5-A3C0-A6453D73249C} = {83056A08-721E-4D78-A7AC-E24216A11178}
		{B0C9B60C-9578-41E6-AEE6-F12C7DD708E0} = {83056A08-721E-4D78-A7AC-E24216A11178}
		{DD4FAD52-FCC3-4113-A9AA-0764BB3248D7} = {83056A08-721E-4D78-A7AC-E24216A11178}
		{01C7FCDD-E5DB-4DCD-A2B9-8F4F7AFEA505} = {DD4FAD52-FCC3-4113-A9AA-0764BB3248D7}
		{8E86325F-0DA6-4F6E-B6E3-6BE750589218} = {A8CC8CAB-1930-41D2-905D-5B545943B997}
		{5A904532-23A6-424A-8DAF-6C4E7EE28609} = {3003D06C-7351-43A5-A3C0-A6453D73249C}
		{7A12A3A3-54B2-42F7-8B6C-F634157590EB} = {5A904532-23A6-424A-8DAF-6C4E7EE28609}
		{314B690A-D2C2-49D5-8776-8EB7E8C5B208} = {1164A734-453E-41F0-9B2A-4D098D773E9A}
		{1164A734-453E-41F0-9B2A-4D098D773E9A} = {3003D06C-7351-43A5-A3C0-A6453D73249C}
		{3B49F68C-AE0A-4F2C-B942-BCBFCAA2874D} = {00E97AC3-0544-42F5-AC14-95219D8541D1}
		{7C5E4526-86A6-42AC-B92F-05601BCC0146} = {3B49F68C-AE0A-4F2C-B942-BCBFCAA2874D}
		{F43C7A0A-B27C-43F5-AB41-3B827F4C2E17} = {6AD4AB80-4F47-4039-9F11-AE6C71FB4512}
		{6AD4AB80-4F47-4039-9F11-AE6C71FB4512} = {00E97AC3-0544-42F5-AC14-95219D8541D1}
		{4EB0C955-FCC8-436C-AC03-513072A0E2E7} = {7E47DC9D-5A38-4183-8B76-2BA11F445CA2}
		{8B965BA2-9580-47F6-B822-B9D57F8D9ADF} = {8E86325F-0DA6-4F6E-B6E3-6BE750589218}
		{583D2CFF-EAC1-4B9A-A6AA-BA943653B236} = {8B965BA2-9580-47F6-B822-B9D57F8D9ADF}
		{807D73D5-974D-4C72-A3AE-8786E90710BA} = {8E86325F-0DA6-4F6E-B6E3-6BE750589218}
		{7F41A707-BF12-4A30-954A-E11536031860} = {807D73D5-974D-4C72-A3AE-8786E90710BA}
	EndGlobalSection
	GlobalSection(ExtensibilityGlobals) = postSolution
		SolutionGuid = {B4DACCBD-0AF7-47BE-A88D-CE8E6244A7A6}
	EndGlobalSection
EndGlobal
