
Microsoft Visual Studio Solution File, Format Version 12.00
# Visual Studio 15
VisualStudioVersion = 15.0.28307.421
MinimumVisualStudioVersion = 10.0.40219.1
Project("{2150E333-8FDC-42A3-9474-1A3956D46DE8}") = "src", "src", "{4170B974-7586-4C02-8B2F-813D298625E6}"
EndProject
Project("{2150E333-8FDC-42A3-9474-1A3956D46DE8}") = "test", "test", "{86B94377-9633-41CD-AABE-1C75790E6026}"
EndProject
Project("{9A19103F-16F7-4668-BE54-9A1E7A4F7556}") = "Template.API", "src\Template\Template.API.csproj", "{7A60AA7A-F3F0-42C3-B73D-12D746680C83}"
EndProject
Project("{9A19103F-16F7-4668-BE54-9A1E7A4F7556}") = "PactConsumerTemplate.API", "src\PactConsumerTemplate\PactConsumerTemplate.API\PactConsumerTemplate.API.csproj", "{B1BC9AAD-4EC7-469D-AC0D-9FE4F78CF9DE}"
EndProject
Project("{9A19103F-16F7-4668-BE54-9A1E7A4F7556}") = "PactConsumerTemplate.PactTest", "src\Tests\PactConsumerTemplate.PactTest\PactConsumerTemplate.PactTest.csproj", "{66907C49-0C65-4A6C-8CF4-5DA9FB7EBFB2}"
EndProject
Project("{9A19103F-16F7-4668-BE54-9A1E7A4F7556}") = "ProviderTemplate.PactTest", "src\Tests\ProviderTemplate.PactTest\ProviderTemplate.PactTest.csproj", "{2DA9619F-7A44-41CC-9B67-D6315B5654B3}"
EndProject
Project("{9A19103F-16F7-4668-BE54-9A1E7A4F7556}") = "TemplateApi.UnitTest", "src\Tests\TemplateApi.UnitTest\TemplateApi.UnitTest.csproj", "{68105361-C6A7-4104-BE3E-BD8C9B681DE2}"
EndProject
Global
	GlobalSection(SolutionConfigurationPlatforms) = preSolution
		Debug|Any CPU = Debug|Any CPU
		Release|Any CPU = Release|Any CPU
	EndGlobalSection
	GlobalSection(ProjectConfigurationPlatforms) = postSolution
		{7A60AA7A-F3F0-42C3-B73D-12D746680C83}.Debug|Any CPU.ActiveCfg = Debug|Any CPU
		{7A60AA7A-F3F0-42C3-B73D-12D746680C83}.Debug|Any CPU.Build.0 = Debug|Any CPU
		{7A60AA7A-F3F0-42C3-B73D-12D746680C83}.Release|Any CPU.ActiveCfg = Release|Any CPU
		{7A60AA7A-F3F0-42C3-B73D-12D746680C83}.Release|Any CPU.Build.0 = Release|Any CPU
		{B1BC9AAD-4EC7-469D-AC0D-9FE4F78CF9DE}.Debug|Any CPU.ActiveCfg = Debug|Any CPU
		{B1BC9AAD-4EC7-469D-AC0D-9FE4F78CF9DE}.Debug|Any CPU.Build.0 = Debug|Any CPU
		{B1BC9AAD-4EC7-469D-AC0D-9FE4F78CF9DE}.Release|Any CPU.ActiveCfg = Release|Any CPU
		{B1BC9AAD-4EC7-469D-AC0D-9FE4F78CF9DE}.Release|Any CPU.Build.0 = Release|Any CPU
		{66907C49-0C65-4A6C-8CF4-5DA9FB7EBFB2}.Debug|Any CPU.ActiveCfg = Debug|Any CPU
		{66907C49-0C65-4A6C-8CF4-5DA9FB7EBFB2}.Debug|Any CPU.Build.0 = Debug|Any CPU
		{66907C49-0C65-4A6C-8CF4-5DA9FB7EBFB2}.Release|Any CPU.ActiveCfg = Release|Any CPU
		{66907C49-0C65-4A6C-8CF4-5DA9FB7EBFB2}.Release|Any CPU.Build.0 = Release|Any CPU
		{2DA9619F-7A44-41CC-9B67-D6315B5654B3}.Debug|Any CPU.ActiveCfg = Debug|Any CPU
		{2DA9619F-7A44-41CC-9B67-D6315B5654B3}.Debug|Any CPU.Build.0 = Debug|Any CPU
		{2DA9619F-7A44-41CC-9B67-D6315B5654B3}.Release|Any CPU.ActiveCfg = Release|Any CPU
		{2DA9619F-7A44-41CC-9B67-D6315B5654B3}.Release|Any CPU.Build.0 = Release|Any CPU
		{68105361-C6A7-4104-BE3E-BD8C9B681DE2}.Debug|Any CPU.ActiveCfg = Debug|Any CPU
		{68105361-C6A7-4104-BE3E-BD8C9B681DE2}.Debug|Any CPU.Build.0 = Debug|Any CPU
		{68105361-C6A7-4104-BE3E-BD8C9B681DE2}.Release|Any CPU.ActiveCfg = Release|Any CPU
		{68105361-C6A7-4104-BE3E-BD8C9B681DE2}.Release|Any CPU.Build.0 = Release|Any CPU
	EndGlobalSection
	GlobalSection(SolutionProperties) = preSolution
		HideSolutionNode = FALSE
	EndGlobalSection
	GlobalSection(NestedProjects) = preSolution
		{7A60AA7A-F3F0-42C3-B73D-12D746680C83} = {4170B974-7586-4C02-8B2F-813D298625E6}
		{B1BC9AAD-4EC7-469D-AC0D-9FE4F78CF9DE} = {4170B974-7586-4C02-8B2F-813D298625E6}
		{66907C49-0C65-4A6C-8CF4-5DA9FB7EBFB2} = {86B94377-9633-41CD-AABE-1C75790E6026}
		{2DA9619F-7A44-41CC-9B67-D6315B5654B3} = {86B94377-9633-41CD-AABE-1C75790E6026}
		{68105361-C6A7-4104-BE3E-BD8C9B681DE2} = {86B94377-9633-41CD-AABE-1C75790E6026}
	EndGlobalSection
	GlobalSection(ExtensibilityGlobals) = postSolution
		SolutionGuid = {8418CFF6-00DC-4E6E-9B56-2EBCF8D7AB27}
	EndGlobalSection
EndGlobal
