
Microsoft Visual Studio Solution File, Format Version 12.00
# Visual Studio 15
VisualStudioVersion = 15.0.28307.421
MinimumVisualStudioVersion = 10.0.40219.1
Project("{9A19103F-16F7-4668-BE54-9A1E7A4F7556}") = "StorageSpace.API", "src\StorageSpace\StorageSpace.API.csproj", "{3D978D33-427D-41CC-8670-2E3550485592}"
EndProject
Project("{9A19103F-16F7-4668-BE54-9A1E7A4F7556}") = "StorageSpace.API.Tests", "src\Unit Test\StorageSpace.API.Tests\StorageSpace.API.Tests.csproj", "{D66A8447-860E-4100-BEC3-9977925BB979}"
EndProject
Global
	GlobalSection(SolutionConfigurationPlatforms) = preSolution
		Debug|Any CPU = Debug|Any CPU
		Release|Any CPU = Release|Any CPU
	EndGlobalSection
	GlobalSection(ProjectConfigurationPlatforms) = postSolution
		{3D978D33-427D-41CC-8670-2E3550485592}.Debug|Any CPU.ActiveCfg = Debug|Any CPU
		{3D978D33-427D-41CC-8670-2E3550485592}.Debug|Any CPU.Build.0 = Debug|Any CPU
		{3D978D33-427D-41CC-8670-2E3550485592}.Release|Any CPU.ActiveCfg = Release|Any CPU
		{3D978D33-427D-41CC-8670-2E3550485592}.Release|Any CPU.Build.0 = Release|Any CPU
		{D66A8447-860E-4100-BEC3-9977925BB979}.Debug|Any CPU.ActiveCfg = Debug|Any CPU
		{D66A8447-860E-4100-BEC3-9977925BB979}.Debug|Any CPU.Build.0 = Debug|Any CPU
		{D66A8447-860E-4100-BEC3-9977925BB979}.Release|Any CPU.ActiveCfg = Release|Any CPU
		{D66A8447-860E-4100-BEC3-9977925BB979}.Release|Any CPU.Build.0 = Release|Any CPU
	EndGlobalSection
	GlobalSection(SolutionProperties) = preSolution
		HideSolutionNode = FALSE
	EndGlobalSection
	GlobalSection(ExtensibilityGlobals) = postSolution
		SolutionGuid = {BE896BBE-A491-4FB3-9710-B7BA64DF9CEA}
	EndGlobalSection
EndGlobal
